{
    "name": "wasm-il",
    "lockfileVersion": 2,
    "requires": true,
    "packages": {
        "": {
            "devDependencies": {
                "assemblyscript": "^0.19.10",
                "wabt": "^1.0.24"
            }
        },
        "node_modules/assemblyscript": {
            "version": "0.19.10",
            "resolved": "https://registry.npmjs.org/assemblyscript/-/assemblyscript-0.19.10.tgz",
            "integrity": "sha512-HavcUBXB3mBTRGJcpvaQjmnmaqKHBGREjSPNsIvnAk2f9dj78y4BkMaSSdvBQYWcDDzsHQjyUC8stICFkD1Odg==",
            "dev": true,
            "dependencies": {
                "binaryen": "101.0.0-nightly.20210723",
                "long": "^4.0.0"
            },
            "bin": {
                "asc": "bin/asc",
                "asinit": "bin/asinit"
            },
            "funding": {
                "type": "opencollective",
                "url": "https://opencollective.com/assemblyscript"
            }
        },
        "node_modules/binaryen": {
            "version": "101.0.0-nightly.20210723",
            "resolved": "https://registry.npmjs.org/binaryen/-/binaryen-101.0.0-nightly.20210723.tgz",
            "integrity": "sha512-eioJNqhHlkguVSbblHOtLqlhtC882SOEPKmNFZaDuz1hzQjolxZ+eu3/kaS10n3sGPONsIZsO7R9fR00UyhEUA==",
            "dev": true,
            "bin": {
                "wasm-opt": "bin/wasm-opt"
            }
        },
        "node_modules/long": {
            "version": "4.0.0",
            "resolved": "https://registry.npmjs.org/long/-/long-4.0.0.tgz",
            "integrity": "sha512-XsP+KhQif4bjX1kbuSiySJFNAehNxgLb6hPRGJ9QsUr8ajHkuXGdrHmFUTUUXhDwVX2R5bY4JNZEwbUiMhV+MA==",
            "dev": true
        },
        "node_modules/wabt": {
            "version": "1.0.24",
            "resolved": "https://registry.npmjs.org/wabt/-/wabt-1.0.24.tgz",
            "integrity": "sha512-8l7sIOd3i5GWfTWciPL0+ff/FK/deVK2Q6FN+MPz4vfUcD78i2M/49XJTwF6aml91uIiuXJEsLKWMB2cw/mtKg==",
            "dev": true,
            "bin": {
                "wasm-decompile": "bin/wasm-decompile",
                "wasm-interp": "bin/wasm-interp",
                "wasm-objdump": "bin/wasm-objdump",
                "wasm-opcodecnt": "bin/wasm-opcodecnt",
                "wasm-strip": "bin/wasm-strip",
                "wasm-validate": "bin/wasm-validate",
                "wasm2c": "bin/wasm2c",
                "wasm2wat": "bin/wasm2wat",
                "wat2wasm": "bin/wat2wasm"
            }
        }
    },
    "dependencies": {
        "assemblyscript": {
            "version": "0.19.10",
            "resolved": "https://registry.npmjs.org/assemblyscript/-/assemblyscript-0.19.10.tgz",
            "integrity": "sha512-HavcUBXB3mBTRGJcpvaQjmnmaqKHBGREjSPNsIvnAk2f9dj78y4BkMaSSdvBQYWcDDzsHQjyUC8stICFkD1Odg==",
            "dev": true,
            "requires": {
                "binaryen": "101.0.0-nightly.20210723",
                "long": "^4.0.0"
            }
        },
        "binaryen": {
            "version": "101.0.0-nightly.20210723",
            "resolved": "https://registry.npmjs.org/binaryen/-/binaryen-101.0.0-nightly.20210723.tgz",
            "integrity": "sha512-eioJNqhHlkguVSbblHOtLqlhtC882SOEPKmNFZaDuz1hzQjolxZ+eu3/kaS10n3sGPONsIZsO7R9fR00UyhEUA==",
            "dev": true
        },
        "long": {
            "version": "4.0.0",
            "resolved": "https://registry.npmjs.org/long/-/long-4.0.0.tgz",
            "integrity": "sha512-XsP+KhQif4bjX1kbuSiySJFNAehNxgLb6hPRGJ9QsUr8ajHkuXGdrHmFUTUUXhDwVX2R5bY4JNZEwbUiMhV+MA==",
            "dev": true
        },
        "wabt": {
            "version": "1.0.24",
            "resolved": "https://registry.npmjs.org/wabt/-/wabt-1.0.24.tgz",
            "integrity": "sha512-8l7sIOd3i5GWfTWciPL0+ff/FK/deVK2Q6FN+MPz4vfUcD78i2M/49XJTwF6aml91uIiuXJEsLKWMB2cw/mtKg==",
            "dev": true
        }
    }
}
