
Microsoft Visual Studio Solution File, Format Version 12.00
# Visual Studio Version 16
VisualStudioVersion = 16.6.30114.105
MinimumVisualStudioVersion = 10.0.40219.1
Project("{6EC3EE1D-3C4E-46DD-8F32-0CC8E7565705}") = "wacil", "src\wacil\wacil.fsproj", "{0A11A03B-DA64-4625-87F2-321B97A156B2}"
EndProject
Project("{6EC3EE1D-3C4E-46DD-8F32-0CC8E7565705}") = "wasm", "src\wasm\wasm.fsproj", "{46B2CC6E-D3CE-4AD3-99C2-6B6452E7B6FE}"
EndProject
Project("{6EC3EE1D-3C4E-46DD-8F32-0CC8E7565705}") = "FSharpIL", "lib\FSharpIL\src\FSharpIL\FSharpIL.fsproj", "{14CC244C-0790-4DE9-9839-05D90C05BAEB}"
EndProject
Global
	GlobalSection(SolutionConfigurationPlatforms) = preSolution
		Debug|Any CPU = Debug|Any CPU
		Debug|x64 = Debug|x64
		Debug|x86 = Debug|x86
		Release|Any CPU = Release|Any CPU
		Release|x64 = Release|x64
		Release|x86 = Release|x86
	EndGlobalSection
	GlobalSection(ProjectConfigurationPlatforms) = postSolution
		{0A11A03B-DA64-4625-87F2-321B97A156B2}.Debug|Any CPU.ActiveCfg = Debug|Any CPU
		{0A11A03B-DA64-4625-87F2-321B97A156B2}.Debug|Any CPU.Build.0 = Debug|Any CPU
		{0A11A03B-DA64-4625-87F2-321B97A156B2}.Debug|x64.ActiveCfg = Debug|Any CPU
		{0A11A03B-DA64-4625-87F2-321B97A156B2}.Debug|x64.Build.0 = Debug|Any CPU
		{0A11A03B-DA64-4625-87F2-321B97A156B2}.Debug|x86.ActiveCfg = Debug|Any CPU
		{0A11A03B-DA64-4625-87F2-321B97A156B2}.Debug|x86.Build.0 = Debug|Any CPU
		{0A11A03B-DA64-4625-87F2-321B97A156B2}.Release|Any CPU.ActiveCfg = Release|Any CPU
		{0A11A03B-DA64-4625-87F2-321B97A156B2}.Release|Any CPU.Build.0 = Release|Any CPU
		{0A11A03B-DA64-4625-87F2-321B97A156B2}.Release|x64.ActiveCfg = Release|Any CPU
		{0A11A03B-DA64-4625-87F2-321B97A156B2}.Release|x64.Build.0 = Release|Any CPU
		{0A11A03B-DA64-4625-87F2-321B97A156B2}.Release|x86.ActiveCfg = Release|Any CPU
		{0A11A03B-DA64-4625-87F2-321B97A156B2}.Release|x86.Build.0 = Release|Any CPU
		{46B2CC6E-D3CE-4AD3-99C2-6B6452E7B6FE}.Debug|Any CPU.ActiveCfg = Debug|Any CPU
		{46B2CC6E-D3CE-4AD3-99C2-6B6452E7B6FE}.Debug|Any CPU.Build.0 = Debug|Any CPU
		{46B2CC6E-D3CE-4AD3-99C2-6B6452E7B6FE}.Debug|x64.ActiveCfg = Debug|Any CPU
		{46B2CC6E-D3CE-4AD3-99C2-6B6452E7B6FE}.Debug|x64.Build.0 = Debug|Any CPU
		{46B2CC6E-D3CE-4AD3-99C2-6B6452E7B6FE}.Debug|x86.ActiveCfg = Debug|Any CPU
		{46B2CC6E-D3CE-4AD3-99C2-6B6452E7B6FE}.Debug|x86.Build.0 = Debug|Any CPU
		{46B2CC6E-D3CE-4AD3-99C2-6B6452E7B6FE}.Release|Any CPU.ActiveCfg = Release|Any CPU
		{46B2CC6E-D3CE-4AD3-99C2-6B6452E7B6FE}.Release|Any CPU.Build.0 = Release|Any CPU
		{46B2CC6E-D3CE-4AD3-99C2-6B6452E7B6FE}.Release|x64.ActiveCfg = Release|Any CPU
		{46B2CC6E-D3CE-4AD3-99C2-6B6452E7B6FE}.Release|x64.Build.0 = Release|Any CPU
		{46B2CC6E-D3CE-4AD3-99C2-6B6452E7B6FE}.Release|x86.ActiveCfg = Release|Any CPU
		{46B2CC6E-D3CE-4AD3-99C2-6B6452E7B6FE}.Release|x86.Build.0 = Release|Any CPU
		{14CC244C-0790-4DE9-9839-05D90C05BAEB}.Debug|Any CPU.ActiveCfg = Debug|Any CPU
		{14CC244C-0790-4DE9-9839-05D90C05BAEB}.Debug|Any CPU.Build.0 = Debug|Any CPU
		{14CC244C-0790-4DE9-9839-05D90C05BAEB}.Debug|x64.ActiveCfg = Debug|Any CPU
		{14CC244C-0790-4DE9-9839-05D90C05BAEB}.Debug|x64.Build.0 = Debug|Any CPU
		{14CC244C-0790-4DE9-9839-05D90C05BAEB}.Debug|x86.ActiveCfg = Debug|Any CPU
		{14CC244C-0790-4DE9-9839-05D90C05BAEB}.Debug|x86.Build.0 = Debug|Any CPU
		{14CC244C-0790-4DE9-9839-05D90C05BAEB}.Release|Any CPU.ActiveCfg = Release|Any CPU
		{14CC244C-0790-4DE9-9839-05D90C05BAEB}.Release|Any CPU.Build.0 = Release|Any CPU
		{14CC244C-0790-4DE9-9839-05D90C05BAEB}.Release|x64.ActiveCfg = Release|Any CPU
		{14CC244C-0790-4DE9-9839-05D90C05BAEB}.Release|x64.Build.0 = Release|Any CPU
		{14CC244C-0790-4DE9-9839-05D90C05BAEB}.Release|x86.ActiveCfg = Release|Any CPU
		{14CC244C-0790-4DE9-9839-05D90C05BAEB}.Release|x86.Build.0 = Release|Any CPU
	EndGlobalSection
	GlobalSection(SolutionProperties) = preSolution
		HideSolutionNode = FALSE
	EndGlobalSection
	GlobalSection(ExtensibilityGlobals) = postSolution
		SolutionGuid = {895A5A25-78F3-49BB-94F3-0E6BD7025585}
	EndGlobalSection
EndGlobal
